# THIS IS AN AUTOGENERATED FILE. DO NOT EDIT THIS FILE DIRECTLY.
# yarn lockfile v1


"@github/markdown-toolbar-element@^2.1.1":
  version "2.1.1"
  resolved "https://registry.yarnpkg.com/@github/markdown-toolbar-element/-/markdown-toolbar-element-2.1.1.tgz#08a0696be1006b42b6b29560104f1bca20341b06"
  integrity sha512-J++rpd5H9baztabJQB82h26jtueOeBRSTqetk9Cri+Lj/s28ndu6Tovn0uHQaOKtBWDobFunk9b5pP5vcqt7cA==

"@tanstack/match-sorter-utils@^8.7.0":
  version "8.7.0"
  resolved "https://registry.yarnpkg.com/@tanstack/match-sorter-utils/-/match-sorter-utils-8.7.0.tgz#60b09a6d3d7974d5f86f1318053c1bd5a85fb0be"
  integrity sha512-OgfIPMHTfuw9JGcXCCoEHWFP/eSP2eyhCYwkrFnWBM3NbUPAgOlFP11DbM7cozDRVB0XbPr1tD4pLAtWKlVUVg==
  dependencies:
    remove-accents "0.4.2"

"@tanstack/react-query-devtools@^4.19.1":
  version "4.19.1"
  resolved "https://registry.yarnpkg.com/@tanstack/react-query-devtools/-/react-query-devtools-4.19.1.tgz#850058df8dba932362838c17f566bd717044449b"
  integrity sha512-U63A+ly9JLPJj7ryR9omdXT3n+gS7jlExrHty4klsd/6xdUhC38CKZyZ0Gi3vctaVYRGTU8/vI+uKzBYdFqLaA==
  dependencies:
    "@tanstack/match-sorter-utils" "^8.7.0"
    superjson "^1.10.0"
    use-sync-external-store "^1.2.0"

copy-anything@^3.0.2:
  version "3.0.3"
  resolved "https://registry.yarnpkg.com/copy-anything/-/copy-anything-3.0.3.tgz#206767156f08da0e02efd392f71abcdf79643559"
  integrity sha512-fpW2W/BqEzqPp29QS+MwwfisHCQZtiduTe/m8idFo0xbti9fIZ2WVhAsCv4ggFVH3AgCkVdpoOCtQC6gBrdhjw==
  dependencies:
    is-what "^4.1.8"

is-what@^4.1.8:
  version "4.1.8"
  resolved "https://registry.yarnpkg.com/is-what/-/is-what-4.1.8.tgz#0e2a8807fda30980ddb2571c79db3d209b14cbe4"
  integrity sha512-yq8gMao5upkPoGEU9LsB2P+K3Kt8Q3fQFCGyNCWOAnJAMzEXVV9drYb0TXr42TTliLLhKIBvulgAXgtLLnwzGA==

remove-accents@0.4.2:
  version "0.4.2"
  resolved "https://registry.yarnpkg.com/remove-accents/-/remove-accents-0.4.2.tgz#0a43d3aaae1e80db919e07ae254b285d9e1c7bb5"
  integrity sha512-7pXIJqJOq5tFgG1A2Zxti3Ht8jJF337m4sowbuHsW30ZnkQFnDzy9qBNhgzX8ZLW4+UBcXiiR7SwR6pokHsxiA==

superjson@^1.10.0:
  version "1.12.0"
  resolved "https://registry.yarnpkg.com/superjson/-/superjson-1.12.0.tgz#7b314b982bfebc5b8e56054b8528813fdda8fc7a"
  integrity sha512-B4tefmFqj8KDShHi2br2rz0kBlUJuQHtxMCydEuHvooL+6EscROTNWRfOLMDxW1dS/daK2zZr3C3N9DU+jXATQ==
  dependencies:
    copy-anything "^3.0.2"

use-sync-external-store@^1.2.0:
  version "1.2.0"
  resolved "https://registry.yarnpkg.com/use-sync-external-store/-/use-sync-external-store-1.2.0.tgz#7dbefd6ef3fe4e767a0cf5d7287aacfb5846928a"
  integrity sha512-eEgnFxGQ1Ife9bzYs6VLi8/4X6CObHMw9Qr9tPY43iKwsPw8xE8+EFsf/2cFZ5S3esXgpWgtSCtLNS41F+sKPA==
